{
    "hash": "b36653abbff63faa975eca2fa3578343",
    "packages": [
        {
            "package": "szeber/yapep_base",
            "version": "dev-master",
            "source-reference": "f03d1fa853e83f2db8cbe46251f3bf13175ad1d9"
        }
    ],
    "packages-dev": null,
    "aliases": [

    ],
    "minimum-stability": "dev",
    "stability-flags": {
        "szeber/yapep_base": 20
    }
}
